
Microsoft Visual Studio Solution File, Format Version 12.00
Project("{FAE04EC0-301F-11D3-BF4B-00C04F79EFBC}") = "FurnitureApp", "FurnitureApp\FurnitureApp.csproj", "{B4CCFD2A-4A07-4A5A-9DF5-4D7A5B11FE41}"
EndProject
Project("{FAE04EC0-301F-11D3-BF4B-00C04F79EFBC}") = "FurnitureApp.Web", "FurnitureApp.Web\FurnitureApp.Web.csproj", "{6E5E1FEF-9291-4A86-85C9-D8E09921151A}"
EndProject
Global
	GlobalSection(SolutionConfigurationPlatforms) = preSolution
		Debug|Any CPU = Debug|Any CPU
		Release|Any CPU = Release|Any CPU
	EndGlobalSection
	GlobalSection(ProjectConfigurationPlatforms) = postSolution
		{B4CCFD2A-4A07-4A5A-9DF5-4D7A5B11FE41}.Debug|Any CPU.ActiveCfg = Debug|Any CPU
		{B4CCFD2A-4A07-4A5A-9DF5-4D7A5B11FE41}.Debug|Any CPU.Build.0 = Debug|Any CPU
		{B4CCFD2A-4A07-4A5A-9DF5-4D7A5B11FE41}.Release|Any CPU.ActiveCfg = Release|Any CPU
		{B4CCFD2A-4A07-4A5A-9DF5-4D7A5B11FE41}.Release|Any CPU.Build.0 = Release|Any CPU
		{6E5E1FEF-9291-4A86-85C9-D8E09921151A}.Debug|Any CPU.ActiveCfg = Debug|Any CPU
		{6E5E1FEF-9291-4A86-85C9-D8E09921151A}.Debug|Any CPU.Build.0 = Debug|Any CPU
		{6E5E1FEF-9291-4A86-85C9-D8E09921151A}.Release|Any CPU.ActiveCfg = Release|Any CPU
		{6E5E1FEF-9291-4A86-85C9-D8E09921151A}.Release|Any CPU.Build.0 = Release|Any CPU
	EndGlobalSection
EndGlobal
